
Microsoft Visual Studio Solution File, Format Version 12.00
# Visual Studio Version 17
VisualStudioVersion = 17.4.33122.133
MinimumVisualStudioVersion = 10.0.40219.1
Project("{FAE04EC0-301F-11D3-BF4B-00C04F79EFBC}") = "HelpStockApp.Domain", "HelpStockApp.Domain\HelpStockApp.Domain.csproj", "{13EDF472-5C8D-4783-A619-EA2F9E5FD2F7}"
EndProject
Global
	GlobalSection(SolutionConfigurationPlatforms) = preSolution
		Debug|Any CPU = Debug|Any CPU
		Release|Any CPU = Release|Any CPU
	EndGlobalSection
	GlobalSection(ProjectConfigurationPlatforms) = postSolution
		{13EDF472-5C8D-4783-A619-EA2F9E5FD2F7}.Debug|Any CPU.ActiveCfg = Debug|Any CPU
		{13EDF472-5C8D-4783-A619-EA2F9E5FD2F7}.Debug|Any CPU.Build.0 = Debug|Any CPU
		{13EDF472-5C8D-4783-A619-EA2F9E5FD2F7}.Release|Any CPU.ActiveCfg = Release|Any CPU
		{13EDF472-5C8D-4783-A619-EA2F9E5FD2F7}.Release|Any CPU.Build.0 = Release|Any CPU
	EndGlobalSection
	GlobalSection(SolutionProperties) = preSolution
		HideSolutionNode = FALSE
	EndGlobalSection
	GlobalSection(ExtensibilityGlobals) = postSolution
		SolutionGuid = {7EEC184B-62CA-47DE-B05F-A95B7751F11F}
	EndGlobalSection
EndGlobal
